
Microsoft Visual Studio Solution File, Format Version 12.00
# Visual Studio Version 17
VisualStudioVersion = 17.4.33205.214
MinimumVisualStudioVersion = 10.0.40219.1
Project("{FAE04EC0-301F-11D3-BF4B-00C04F79EFBC}") = "Projekt inz", "Projekt inz\Projekt inz.csproj", "{65889C82-172A-435D-8449-A5C010972489}"
EndProject
Global
	GlobalSection(SolutionConfigurationPlatforms) = preSolution
		Debug|Any CPU = Debug|Any CPU
		Release|Any CPU = Release|Any CPU
	EndGlobalSection
	GlobalSection(ProjectConfigurationPlatforms) = postSolution
		{65889C82-172A-435D-8449-A5C010972489}.Debug|Any CPU.ActiveCfg = Debug|Any CPU
		{65889C82-172A-435D-8449-A5C010972489}.Debug|Any CPU.Build.0 = Debug|Any CPU
		{65889C82-172A-435D-8449-A5C010972489}.Release|Any CPU.ActiveCfg = Release|Any CPU
		{65889C82-172A-435D-8449-A5C010972489}.Release|Any CPU.Build.0 = Release|Any CPU
	EndGlobalSection
	GlobalSection(SolutionProperties) = preSolution
		HideSolutionNode = FALSE
	EndGlobalSection
	GlobalSection(ExtensibilityGlobals) = postSolution
		SolutionGuid = {DF2AF00A-3311-48E9-8CF0-FFC7F67123FF}
	EndGlobalSection
EndGlobal
